
Microsoft Visual Studio Solution File, Format Version 12.00
# Visual Studio Version 17
VisualStudioVersion = 17.14.37012.4 d17.14
MinimumVisualStudioVersion = 10.0.40219.1
Project("{FAE04EC0-301F-11D3-BF4B-00C04F79EFBC}") = "Shop.Domain", "Shop.Domain\Shop.Domain.csproj", "{64B364AA-125A-4459-98C3-C30FC87F4A33}"
EndProject
Project("{FAE04EC0-301F-11D3-BF4B-00C04F79EFBC}") = "Shop.App", "Shop.App\Shop.App.csproj", "{5342E096-88DC-4EE8-98BB-18B9D1F4CE55}"
EndProject
Global
	GlobalSection(SolutionConfigurationPlatforms) = preSolution
		Debug|Any CPU = Debug|Any CPU
		Release|Any CPU = Release|Any CPU
	EndGlobalSection
	GlobalSection(ProjectConfigurationPlatforms) = postSolution
		{64B364AA-125A-4459-98C3-C30FC87F4A33}.Debug|Any CPU.ActiveCfg = Debug|Any CPU
		{64B364AA-125A-4459-98C3-C30FC87F4A33}.Debug|Any CPU.Build.0 = Debug|Any CPU
		{64B364AA-125A-4459-98C3-C30FC87F4A33}.Release|Any CPU.ActiveCfg = Release|Any CPU
		{64B364AA-125A-4459-98C3-C30FC87F4A33}.Release|Any CPU.Build.0 = Release|Any CPU
		{5342E096-88DC-4EE8-98BB-18B9D1F4CE55}.Debug|Any CPU.ActiveCfg = Debug|Any CPU
		{5342E096-88DC-4EE8-98BB-18B9D1F4CE55}.Debug|Any CPU.Build.0 = Debug|Any CPU
		{5342E096-88DC-4EE8-98BB-18B9D1F4CE55}.Release|Any CPU.ActiveCfg = Release|Any CPU
		{5342E096-88DC-4EE8-98BB-18B9D1F4CE55}.Release|Any CPU.Build.0 = Release|Any CPU
	EndGlobalSection
	GlobalSection(SolutionProperties) = preSolution
		HideSolutionNode = FALSE
	EndGlobalSection
	GlobalSection(ExtensibilityGlobals) = postSolution
		SolutionGuid = {37E6DB6A-A014-4E2B-BC72-630AEE4C1B7F}
	EndGlobalSection
EndGlobal
